
Microsoft Visual Studio Solution File, Format Version 12.00
# Visual Studio Version 17
VisualStudioVersion = 17.6.33801.468
MinimumVisualStudioVersion = 10.0.40219.1
Project("{9A19103F-16F7-4668-BE54-9A1E7A4F7556}") = "DAL", "FindingProject\DAL.csproj", "{C67A47B5-1838-415C-9579-18EF9DB36D43}"
EndProject
Project("{9A19103F-16F7-4668-BE54-9A1E7A4F7556}") = "BLL", "BLL\BLL.csproj", "{BE207C0E-0BF3-47F9-B682-86780E180C6A}"
EndProject
Project("{9A19103F-16F7-4668-BE54-9A1E7A4F7556}") = "PL", "Pl\PL.csproj", "{DDD7B4CB-5DA5-4BF2-B01D-89D9E1C5CB0F}"
EndProject
Project("{9A19103F-16F7-4668-BE54-9A1E7A4F7556}") = "DOT", "DOT\DOT.csproj", "{414912B3-8551-40D5-842F-82DF9A939700}"
EndProject
Project("{FAE04EC0-301F-11D3-BF4B-00C04F79EFBC}") = "Controllers", "Controllers\Controllers.csproj", "{A2E76630-96DC-4F21-99CD-285EAE26B78F}"
EndProject
Global
	GlobalSection(SolutionConfigurationPlatforms) = preSolution
		Debug|Any CPU = Debug|Any CPU
		Release|Any CPU = Release|Any CPU
	EndGlobalSection
	GlobalSection(ProjectConfigurationPlatforms) = postSolution
		{C67A47B5-1838-415C-9579-18EF9DB36D43}.Debug|Any CPU.ActiveCfg = Debug|Any CPU
		{C67A47B5-1838-415C-9579-18EF9DB36D43}.Debug|Any CPU.Build.0 = Debug|Any CPU
		{C67A47B5-1838-415C-9579-18EF9DB36D43}.Release|Any CPU.ActiveCfg = Release|Any CPU
		{C67A47B5-1838-415C-9579-18EF9DB36D43}.Release|Any CPU.Build.0 = Release|Any CPU
		{BE207C0E-0BF3-47F9-B682-86780E180C6A}.Debug|Any CPU.ActiveCfg = Debug|Any CPU
		{BE207C0E-0BF3-47F9-B682-86780E180C6A}.Debug|Any CPU.Build.0 = Debug|Any CPU
		{BE207C0E-0BF3-47F9-B682-86780E180C6A}.Release|Any CPU.ActiveCfg = Release|Any CPU
		{BE207C0E-0BF3-47F9-B682-86780E180C6A}.Release|Any CPU.Build.0 = Release|Any CPU
		{DDD7B4CB-5DA5-4BF2-B01D-89D9E1C5CB0F}.Debug|Any CPU.ActiveCfg = Debug|Any CPU
		{DDD7B4CB-5DA5-4BF2-B01D-89D9E1C5CB0F}.Debug|Any CPU.Build.0 = Debug|Any CPU
		{DDD7B4CB-5DA5-4BF2-B01D-89D9E1C5CB0F}.Release|Any CPU.ActiveCfg = Release|Any CPU
		{DDD7B4CB-5DA5-4BF2-B01D-89D9E1C5CB0F}.Release|Any CPU.Build.0 = Release|Any CPU
		{414912B3-8551-40D5-842F-82DF9A939700}.Debug|Any CPU.ActiveCfg = Debug|Any CPU
		{414912B3-8551-40D5-842F-82DF9A939700}.Debug|Any CPU.Build.0 = Debug|Any CPU
		{414912B3-8551-40D5-842F-82DF9A939700}.Release|Any CPU.ActiveCfg = Release|Any CPU
		{414912B3-8551-40D5-842F-82DF9A939700}.Release|Any CPU.Build.0 = Release|Any CPU
		{A2E76630-96DC-4F21-99CD-285EAE26B78F}.Debug|Any CPU.ActiveCfg = Debug|Any CPU
		{A2E76630-96DC-4F21-99CD-285EAE26B78F}.Debug|Any CPU.Build.0 = Debug|Any CPU
		{A2E76630-96DC-4F21-99CD-285EAE26B78F}.Release|Any CPU.ActiveCfg = Release|Any CPU
		{A2E76630-96DC-4F21-99CD-285EAE26B78F}.Release|Any CPU.Build.0 = Release|Any CPU
	EndGlobalSection
	GlobalSection(SolutionProperties) = preSolution
		HideSolutionNode = FALSE
	EndGlobalSection
	GlobalSection(ExtensibilityGlobals) = postSolution
		SolutionGuid = {B4D6186B-FC0C-4EA8-9B1B-564EB3A12D4A}
	EndGlobalSection
EndGlobal
